<Solution>
  <Project Path="Appka Liczbowa/Appka Liczbowa.csproj" Id="8e6ba6e9-1390-4699-bc76-6f42111bf084" />
  <Project Path="FirstProject/FirstProject.csproj" />
  <Project Path="Kalkulator dni od daty/Kalkulator dni od daty.csproj" Id="573b90ec-d8eb-4975-9276-f368419cc4cc" />
  <Project Path="Klasy/Klasy.csproj" Id="8609b3bb-ac7d-4555-b35d-fa1c36c651c2" />
  <Project Path="Kolekcje/Kolekcje.csproj" Id="88617866-e53f-4574-b2fe-b9c63b2ebea6" />
  <Project Path="Książka Telefoniczna/Książka Telefoniczna.csproj" Id="a60d8fe5-e586-4f05-a21c-b6300b56aca7" />
  <Project Path="Obsługa plików tekstowych/Obsługa plików tekstowych.csproj" Id="5bdc62f7-2cd6-422e-aa76-c4051680c75d" />
  <Project Path="Typy referencyjne i wartościowe/Typy referencyjne i wartościowe.csproj" Id="599e40f9-a100-43d6-a3b4-a2178c373239" />
</Solution>
